
Microsoft Visual Studio Solution File, Format Version 12.00
# Visual Studio Version 16
VisualStudioVersion = 16.0.30907.101
MinimumVisualStudioVersion = 10.0.40219.1
Project("{FAE04EC0-301F-11D3-BF4B-00C04F79EFBC}") = "MyDictionary", "MyDictionary\MyDictionary.csproj", "{D8D880B4-472D-445C-B868-58E4C7AF9628}"
EndProject
Global
	GlobalSection(SolutionConfigurationPlatforms) = preSolution
		Debug|Any CPU = Debug|Any CPU
		Release|Any CPU = Release|Any CPU
	EndGlobalSection
	GlobalSection(ProjectConfigurationPlatforms) = postSolution
		{D8D880B4-472D-445C-B868-58E4C7AF9628}.Debug|Any CPU.ActiveCfg = Debug|Any CPU
		{D8D880B4-472D-445C-B868-58E4C7AF9628}.Debug|Any CPU.Build.0 = Debug|Any CPU
		{D8D880B4-472D-445C-B868-58E4C7AF9628}.Release|Any CPU.ActiveCfg = Release|Any CPU
		{D8D880B4-472D-445C-B868-58E4C7AF9628}.Release|Any CPU.Build.0 = Release|Any CPU
	EndGlobalSection
	GlobalSection(SolutionProperties) = preSolution
		HideSolutionNode = FALSE
	EndGlobalSection
	GlobalSection(ExtensibilityGlobals) = postSolution
		SolutionGuid = {04363EB3-6AAF-44B7-A34B-719E216EE6B8}
	EndGlobalSection
EndGlobal
